
Microsoft Visual Studio Solution File, Format Version 12.00
# Visual Studio 15
VisualStudioVersion = 15.0.28307.271
MinimumVisualStudioVersion = 10.0.40219.1
Project("{FAE04EC0-301F-11D3-BF4B-00C04F79EFBC}") = "delta", "delta\delta.csproj", "{3A480128-89BE-4735-A072-24EC0696527A}"
EndProject
Project("{FAE04EC0-301F-11D3-BF4B-00C04F79EFBC}") = "delta.Core", "delta.Core\delta.Core.csproj", "{574B07C9-C9CD-480D-9835-E45D991E697B}"
EndProject
Global
	GlobalSection(SolutionConfigurationPlatforms) = preSolution
		Debug|Any CPU = Debug|Any CPU
		Release|Any CPU = Release|Any CPU
	EndGlobalSection
	GlobalSection(ProjectConfigurationPlatforms) = postSolution
		{3A480128-89BE-4735-A072-24EC0696527A}.Debug|Any CPU.ActiveCfg = Debug|Any CPU
		{3A480128-89BE-4735-A072-24EC0696527A}.Debug|Any CPU.Build.0 = Debug|Any CPU
		{3A480128-89BE-4735-A072-24EC0696527A}.Release|Any CPU.ActiveCfg = Release|Any CPU
		{3A480128-89BE-4735-A072-24EC0696527A}.Release|Any CPU.Build.0 = Release|Any CPU
		{574B07C9-C9CD-480D-9835-E45D991E697B}.Debug|Any CPU.ActiveCfg = Debug|Any CPU
		{574B07C9-C9CD-480D-9835-E45D991E697B}.Debug|Any CPU.Build.0 = Debug|Any CPU
		{574B07C9-C9CD-480D-9835-E45D991E697B}.Release|Any CPU.ActiveCfg = Release|Any CPU
		{574B07C9-C9CD-480D-9835-E45D991E697B}.Release|Any CPU.Build.0 = Release|Any CPU
	EndGlobalSection
	GlobalSection(SolutionProperties) = preSolution
		HideSolutionNode = FALSE
	EndGlobalSection
	GlobalSection(ExtensibilityGlobals) = postSolution
		SolutionGuid = {BD62C1B4-6BF0-47CB-BE18-7D1FA3FFB4BF}
	EndGlobalSection
EndGlobal
